
Microsoft Visual Studio Solution File, Format Version 12.00
# Visual Studio Version 17
VisualStudioVersion = 17.5.33530.505
MinimumVisualStudioVersion = 10.0.40219.1
Project("{FAE04EC0-301F-11D3-BF4B-00C04F79EFBC}") = "Console_hesapmakinesi", "Console_hesapmakinesi\Console_hesapmakinesi.csproj", "{1AD3C461-07A4-43CD-90D2-75E631C8F03C}"
EndProject
Global
	GlobalSection(SolutionConfigurationPlatforms) = preSolution
		Debug|Any CPU = Debug|Any CPU
		Release|Any CPU = Release|Any CPU
	EndGlobalSection
	GlobalSection(ProjectConfigurationPlatforms) = postSolution
		{1AD3C461-07A4-43CD-90D2-75E631C8F03C}.Debug|Any CPU.ActiveCfg = Debug|Any CPU
		{1AD3C461-07A4-43CD-90D2-75E631C8F03C}.Debug|Any CPU.Build.0 = Debug|Any CPU
		{1AD3C461-07A4-43CD-90D2-75E631C8F03C}.Release|Any CPU.ActiveCfg = Release|Any CPU
		{1AD3C461-07A4-43CD-90D2-75E631C8F03C}.Release|Any CPU.Build.0 = Release|Any CPU
	EndGlobalSection
	GlobalSection(SolutionProperties) = preSolution
		HideSolutionNode = FALSE
	EndGlobalSection
	GlobalSection(ExtensibilityGlobals) = postSolution
		SolutionGuid = {2585DE69-719C-4DCD-BA4E-76E318A082C1}
	EndGlobalSection
EndGlobal
